{
  "name": "pilolo",
  "lockfileVersion": 3,
  "requires": true,
  "packages": {
    "": {
      "dependencies": {
        "@paystack/inline-js": "^2.22.7"
      }
    },
    "node_modules/@paystack/inline-js": {
      "version": "2.22.7",
      "resolved": "https://registry.npmjs.org/@paystack/inline-js/-/inline-js-2.22.7.tgz",
      "integrity": "sha512-95/BkaJ61XTiL74k+x+3fp4NGDKHp4JZA9PXL+/DFd8gIPjI0TEA1ocHSjh1FRMIdpcfgpHLoTWMRvfBsQXstQ==",
      "license": "ISC",
      "engines": {
        "node": ">= 22.0.0"
      }
    }
  }
}
